// !$*UTF8*$!
{
	archiveVersion = 1;
	classes = {
	};
	objectVersion = 48;
	objects = {

/* Begin PBXBuildFile section */
		EB04EBBE2099DF52004DE62E /* DownloadImageRequest.swift in Sources */ = {isa = PBXBuildFile; fileRef = EB04EBBD2099DF52004DE62E /* DownloadImageRequest.swift */; };
		EB04EBC02099E081004DE62E /* DownloadImageParser.swift in Sources */ = {isa = PBXBuildFile; fileRef = EB04EBBF2099E081004DE62E /* DownloadImageParser.swift */; };
		EB25772D2096D829002AACA7 /* PicturesView.xib in Resources */ = {isa = PBXBuildFile; fileRef = EB25772C2096D829002AACA7 /* PicturesView.xib */; };
		EB25772F2096D870002AACA7 /* PicturesViewController.swift in Sources */ = {isa = PBXBuildFile; fileRef = EB25772E2096D870002AACA7 /* PicturesViewController.swift */; };
		EB2577312096DB19002AACA7 /* PicturesModel.swift in Sources */ = {isa = PBXBuildFile; fileRef = EB2577302096DB19002AACA7 /* PicturesModel.swift */; };
		EB25773520977166002AACA7 /* RequestConfig.swift in Sources */ = {isa = PBXBuildFile; fileRef = EB25773420977166002AACA7 /* RequestConfig.swift */; };
		EB25773720977523002AACA7 /* RequestSender.swift in Sources */ = {isa = PBXBuildFile; fileRef = EB25773620977523002AACA7 /* RequestSender.swift */; };
		EB257739209777D1002AACA7 /* RequestFactory.swift in Sources */ = {isa = PBXBuildFile; fileRef = EB257738209777D1002AACA7 /* RequestFactory.swift */; };
		EB25773B20977C23002AACA7 /* PicturesService.swift in Sources */ = {isa = PBXBuildFile; fileRef = EB25773A20977C23002AACA7 /* PicturesService.swift */; };
		EB25773E20977D40002AACA7 /* PictureCell.xib in Resources */ = {isa = PBXBuildFile; fileRef = EB25773D20977D40002AACA7 /* PictureCell.xib */; };
		EB25774020977D8D002AACA7 /* PictureCell.swift in Sources */ = {isa = PBXBuildFile; fileRef = EB25773F20977D8D002AACA7 /* PictureCell.swift */; };
		EB25774420991AEB002AACA7 /* SearchImagesRequest.swift in Sources */ = {isa = PBXBuildFile; fileRef = EB25774320991AEB002AACA7 /* SearchImagesRequest.swift */; };
		EB25774620992000002AACA7 /* SearchImagesParser.swift in Sources */ = {isa = PBXBuildFile; fileRef = EB25774520992000002AACA7 /* SearchImagesParser.swift */; };
		EB27ED8E20796AE800722846 /* Storage.xcdatamodeld in Sources */ = {isa = PBXBuildFile; fileRef = EB27ED8C20796AE800722846 /* Storage.xcdatamodeld */; };
		EB27ED9020796B6500722846 /* CoreDataStack.swift in Sources */ = {isa = PBXBuildFile; fileRef = EB27ED8F20796B6500722846 /* CoreDataStack.swift */; };
		EB29C7062052C5320034D6D8 /* ConversationsListViewController.swift in Sources */ = {isa = PBXBuildFile; fileRef = EB29C7052052C5320034D6D8 /* ConversationsListViewController.swift */; };
		EB29C7082052DBED0034D6D8 /* ConversationCell.swift in Sources */ = {isa = PBXBuildFile; fileRef = EB29C7072052DBED0034D6D8 /* ConversationCell.swift */; };
		EB29C7142054360B0034D6D8 /* Date+String.swift in Sources */ = {isa = PBXBuildFile; fileRef = EB29C7132054360B0034D6D8 /* Date+String.swift */; };
		EB29C7172054563A0034D6D8 /* ConversationViewController.swift in Sources */ = {isa = PBXBuildFile; fileRef = EB29C7162054563A0034D6D8 /* ConversationViewController.swift */; };
		EB29C71B205487980034D6D8 /* MessageCell.swift in Sources */ = {isa = PBXBuildFile; fileRef = EB29C71A205487980034D6D8 /* MessageCell.swift */; };
		EB36979B203DD3620065EC99 /* AppDelegate.swift in Sources */ = {isa = PBXBuildFile; fileRef = EB36979A203DD3620065EC99 /* AppDelegate.swift */; };
		EB36979D203DD3620065EC99 /* ProfileViewController.swift in Sources */ = {isa = PBXBuildFile; fileRef = EB36979C203DD3620065EC99 /* ProfileViewController.swift */; };
		EB3697A2203DD3620065EC99 /* Assets.xcassets in Resources */ = {isa = PBXBuildFile; fileRef = EB3697A1203DD3620065EC99 /* Assets.xcassets */; };
		EB3697A5203DD3620065EC99 /* LaunchScreen.storyboard in Resources */ = {isa = PBXBuildFile; fileRef = EB3697A3203DD3620065EC99 /* LaunchScreen.storyboard */; };
		EB55B0552063B209006A7178 /* UserDefaults+UIColor.swift in Sources */ = {isa = PBXBuildFile; fileRef = EB55B0542063B209006A7178 /* UserDefaults+UIColor.swift */; };
		EB6E02322096755500EE439D /* KeyboardService.swift in Sources */ = {isa = PBXBuildFile; fileRef = EB6E02312096755500EE439D /* KeyboardService.swift */; };
		EB6E02352096A31100EE439D /* PermissionsService.swift in Sources */ = {isa = PBXBuildFile; fileRef = EB6E02342096A31100EE439D /* PermissionsService.swift */; };
		EB7027612061A0FC004BB040 /* UIColor+RGB.swift in Sources */ = {isa = PBXBuildFile; fileRef = EB7027602061A0FC004BB040 /* UIColor+RGB.swift */; };
		EB7027642061BE0D004BB040 /* ThemesViewController.swift in Sources */ = {isa = PBXBuildFile; fileRef = EB7027632061BE0D004BB040 /* ThemesViewController.swift */; };
		EBBC25C82083A08600F4982C /* CoreDataManager.swift in Sources */ = {isa = PBXBuildFile; fileRef = EBBC25C72083A08600F4982C /* CoreDataManager.swift */; };
		EBBCDB792087657C0095184A /* CommunicationService.swift in Sources */ = {isa = PBXBuildFile; fileRef = EBBCDB782087657C0095184A /* CommunicationService.swift */; };
		EBBCDB7F208765800095184A /* MultipeerCommunicator.swift in Sources */ = {isa = PBXBuildFile; fileRef = EBBCDB7E208765800095184A /* MultipeerCommunicator.swift */; };
		EBBCDB82208765F00095184A /* Message+ID.swift in Sources */ = {isa = PBXBuildFile; fileRef = EBBCDB81208765F00095184A /* Message+ID.swift */; };
		EBCAB7442084AA230093EEBA /* UITableView+Updates.swift in Sources */ = {isa = PBXBuildFile; fileRef = EBCAB7432084AA230093EEBA /* UITableView+Updates.swift */; };
		EBF0F020208B62EF00287352 /* RootAssembly.swift in Sources */ = {isa = PBXBuildFile; fileRef = EBF0F01F208B62EF00287352 /* RootAssembly.swift */; };
		EBF0F029208B653100287352 /* CoreAssembly.swift in Sources */ = {isa = PBXBuildFile; fileRef = EBF0F028208B653100287352 /* CoreAssembly.swift */; };
		EBF0F02B208B658700287352 /* ServicesAssembly.swift in Sources */ = {isa = PBXBuildFile; fileRef = EBF0F02A208B658700287352 /* ServicesAssembly.swift */; };
		EBF0F02D208B659F00287352 /* PresentationAssembly.swift in Sources */ = {isa = PBXBuildFile; fileRef = EBF0F02C208B659F00287352 /* PresentationAssembly.swift */; };
		EBF0F038208B9C0700287352 /* ConversationsListView.xib in Resources */ = {isa = PBXBuildFile; fileRef = EBF0F037208B9C0700287352 /* ConversationsListView.xib */; };
		EBF0F03A208B9C3600287352 /* ConversationsListModel.swift in Sources */ = {isa = PBXBuildFile; fileRef = EBF0F039208B9C3600287352 /* ConversationsListModel.swift */; };
		EBF0F03C208B9D9F00287352 /* ConversationCell.xib in Resources */ = {isa = PBXBuildFile; fileRef = EBF0F03B208B9D9F00287352 /* ConversationCell.xib */; };
		EBF0F045208DFDD700287352 /* IncomingMessageCell.xib in Resources */ = {isa = PBXBuildFile; fileRef = EBF0F044208DFDD700287352 /* IncomingMessageCell.xib */; };
		EBF0F047208DFF4300287352 /* OutcomingMessageCell.xib in Resources */ = {isa = PBXBuildFile; fileRef = EBF0F046208DFF4300287352 /* OutcomingMessageCell.xib */; };
		EBF0F049208DFF8E00287352 /* ProfileView.xib in Resources */ = {isa = PBXBuildFile; fileRef = EBF0F048208DFF8E00287352 /* ProfileView.xib */; };
		EBF0F04B208DFFA600287352 /* ThemesView.xib in Resources */ = {isa = PBXBuildFile; fileRef = EBF0F04A208DFFA600287352 /* ThemesView.xib */; };
		EBF0F04D208E001400287352 /* ConversationView.xib in Resources */ = {isa = PBXBuildFile; fileRef = EBF0F04C208E001400287352 /* ConversationView.xib */; };
		EBF0F04F208E0FC800287352 /* ThemesManager.swift in Sources */ = {isa = PBXBuildFile; fileRef = EBF0F04E208E0FC800287352 /* ThemesManager.swift */; };
		EBF0F051208E5EC200287352 /* ThemesModel.swift in Sources */ = {isa = PBXBuildFile; fileRef = EBF0F050208E5EC200287352 /* ThemesModel.swift */; };
		EBF0F053208E70EC00287352 /* ProfileModel.swift in Sources */ = {isa = PBXBuildFile; fileRef = EBF0F052208E70EC00287352 /* ProfileModel.swift */; };
		EBF0F058208E997800287352 /* ConversationModel.swift in Sources */ = {isa = PBXBuildFile; fileRef = EBF0F057208E997800287352 /* ConversationModel.swift */; };
		EBF0F05B208F7E1300287352 /* ThemesService.swift in Sources */ = {isa = PBXBuildFile; fileRef = EBF0F05A208F7E1300287352 /* ThemesService.swift */; };
		EBF0F05D208FB52B00287352 /* FilesManager.swift in Sources */ = {isa = PBXBuildFile; fileRef = EBF0F05C208FB52B00287352 /* FilesManager.swift */; };
		EBF0F06020915FCD00287352 /* ConversationsDataProvider.swift in Sources */ = {isa = PBXBuildFile; fileRef = EBF0F05F20915FCD00287352 /* ConversationsDataProvider.swift */; };
		EBF0F065209227E500287352 /* FRCService.swift in Sources */ = {isa = PBXBuildFile; fileRef = EBF0F064209227E500287352 /* FRCService.swift */; };
		EBF0F06720924F9200287352 /* MessagesDataProvider.swift in Sources */ = {isa = PBXBuildFile; fileRef = EBF0F06620924F9200287352 /* MessagesDataProvider.swift */; };
		EBFDEE19206DAA08004008C1 /* GCDAppUserService.swift in Sources */ = {isa = PBXBuildFile; fileRef = EBFDEE18206DAA08004008C1 /* GCDAppUserService.swift */; };
		EBFDEE27206DEE79004008C1 /* OperationAppUserService.swift in Sources */ = {isa = PBXBuildFile; fileRef = EBFDEE26206DEE79004008C1 /* OperationAppUserService.swift */; };
		EBFDEE2B206DF5A0004008C1 /* LoadOperation.swift in Sources */ = {isa = PBXBuildFile; fileRef = EBFDEE2A206DF5A0004008C1 /* LoadOperation.swift */; };
		EBFDEE2D206DF5AA004008C1 /* SaveOperation.swift in Sources */ = {isa = PBXBuildFile; fileRef = EBFDEE2C206DF5AA004008C1 /* SaveOperation.swift */; };
/* End PBXBuildFile section */

/* Begin PBXFileReference section */
		EB04EBBD2099DF52004DE62E /* DownloadImageRequest.swift */ = {isa = PBXFileReference; lastKnownFileType = sourcecode.swift; path = DownloadImageRequest.swift; sourceTree = "<group>"; };
		EB04EBBF2099E081004DE62E /* DownloadImageParser.swift */ = {isa = PBXFileReference; lastKnownFileType = sourcecode.swift; path = DownloadImageParser.swift; sourceTree = "<group>"; };
		EB25772C2096D829002AACA7 /* PicturesView.xib */ = {isa = PBXFileReference; lastKnownFileType = file.xib; path = PicturesView.xib; sourceTree = "<group>"; };
		EB25772E2096D870002AACA7 /* PicturesViewController.swift */ = {isa = PBXFileReference; lastKnownFileType = sourcecode.swift; path = PicturesViewController.swift; sourceTree = "<group>"; };
		EB2577302096DB19002AACA7 /* PicturesModel.swift */ = {isa = PBXFileReference; lastKnownFileType = sourcecode.swift; path = PicturesModel.swift; sourceTree = "<group>"; };
		EB25773420977166002AACA7 /* RequestConfig.swift */ = {isa = PBXFileReference; lastKnownFileType = sourcecode.swift; path = RequestConfig.swift; sourceTree = "<group>"; };
		EB25773620977523002AACA7 /* RequestSender.swift */ = {isa = PBXFileReference; lastKnownFileType = sourcecode.swift; path = RequestSender.swift; sourceTree = "<group>"; };
		EB257738209777D1002AACA7 /* RequestFactory.swift */ = {isa = PBXFileReference; lastKnownFileType = sourcecode.swift; path = RequestFactory.swift; sourceTree = "<group>"; };
		EB25773A20977C23002AACA7 /* PicturesService.swift */ = {isa = PBXFileReference; lastKnownFileType = sourcecode.swift; path = PicturesService.swift; sourceTree = "<group>"; };
		EB25773D20977D40002AACA7 /* PictureCell.xib */ = {isa = PBXFileReference; lastKnownFileType = file.xib; path = PictureCell.xib; sourceTree = "<group>"; };
		EB25773F20977D8D002AACA7 /* PictureCell.swift */ = {isa = PBXFileReference; lastKnownFileType = sourcecode.swift; path = PictureCell.swift; sourceTree = "<group>"; };
		EB25774320991AEB002AACA7 /* SearchImagesRequest.swift */ = {isa = PBXFileReference; lastKnownFileType = sourcecode.swift; path = SearchImagesRequest.swift; sourceTree = "<group>"; };
		EB25774520992000002AACA7 /* SearchImagesParser.swift */ = {isa = PBXFileReference; lastKnownFileType = sourcecode.swift; path = SearchImagesParser.swift; sourceTree = "<group>"; };
		EB27ED8D20796AE800722846 /* Storage.xcdatamodel */ = {isa = PBXFileReference; lastKnownFileType = wrapper.xcdatamodel; path = Storage.xcdatamodel; sourceTree = "<group>"; };
		EB27ED8F20796B6500722846 /* CoreDataStack.swift */ = {isa = PBXFileReference; lastKnownFileType = sourcecode.swift; path = CoreDataStack.swift; sourceTree = "<group>"; };
		EB29C7052052C5320034D6D8 /* ConversationsListViewController.swift */ = {isa = PBXFileReference; lastKnownFileType = sourcecode.swift; path = ConversationsListViewController.swift; sourceTree = "<group>"; };
		EB29C7072052DBED0034D6D8 /* ConversationCell.swift */ = {isa = PBXFileReference; lastKnownFileType = sourcecode.swift; path = ConversationCell.swift; sourceTree = "<group>"; };
		EB29C7132054360B0034D6D8 /* Date+String.swift */ = {isa = PBXFileReference; lastKnownFileType = sourcecode.swift; path = "Date+String.swift"; sourceTree = "<group>"; };
		EB29C7162054563A0034D6D8 /* ConversationViewController.swift */ = {isa = PBXFileReference; lastKnownFileType = sourcecode.swift; path = ConversationViewController.swift; sourceTree = "<group>"; };
		EB29C71A205487980034D6D8 /* MessageCell.swift */ = {isa = PBXFileReference; lastKnownFileType = sourcecode.swift; path = MessageCell.swift; sourceTree = "<group>"; };
		EB369797203DD3620065EC99 /* TinkoffChat.app */ = {isa = PBXFileReference; explicitFileType = wrapper.application; includeInIndex = 0; path = TinkoffChat.app; sourceTree = BUILT_PRODUCTS_DIR; };
		EB36979A203DD3620065EC99 /* AppDelegate.swift */ = {isa = PBXFileReference; lastKnownFileType = sourcecode.swift; path = AppDelegate.swift; sourceTree = "<group>"; };
		EB36979C203DD3620065EC99 /* ProfileViewController.swift */ = {isa = PBXFileReference; lastKnownFileType = sourcecode.swift; path = ProfileViewController.swift; sourceTree = "<group>"; };
		EB3697A1203DD3620065EC99 /* Assets.xcassets */ = {isa = PBXFileReference; lastKnownFileType = folder.assetcatalog; path = Assets.xcassets; sourceTree = "<group>"; };
		EB3697A4203DD3620065EC99 /* Base */ = {isa = PBXFileReference; lastKnownFileType = file.storyboard; name = Base; path = Base.lproj/LaunchScreen.storyboard; sourceTree = "<group>"; };
		EB3697A6203DD3620065EC99 /* Info.plist */ = {isa = PBXFileReference; lastKnownFileType = text.plist.xml; path = Info.plist; sourceTree = "<group>"; };
		EB55B0542063B209006A7178 /* UserDefaults+UIColor.swift */ = {isa = PBXFileReference; lastKnownFileType = sourcecode.swift; path = "UserDefaults+UIColor.swift"; sourceTree = "<group>"; };
		EB6E02312096755500EE439D /* KeyboardService.swift */ = {isa = PBXFileReference; lastKnownFileType = sourcecode.swift; path = KeyboardService.swift; sourceTree = "<group>"; };
		EB6E02342096A31100EE439D /* PermissionsService.swift */ = {isa = PBXFileReference; lastKnownFileType = sourcecode.swift; path = PermissionsService.swift; sourceTree = "<group>"; };
		EB7027602061A0FC004BB040 /* UIColor+RGB.swift */ = {isa = PBXFileReference; lastKnownFileType = sourcecode.swift; path = "UIColor+RGB.swift"; sourceTree = "<group>"; };
		EB7027632061BE0D004BB040 /* ThemesViewController.swift */ = {isa = PBXFileReference; lastKnownFileType = sourcecode.swift; path = ThemesViewController.swift; sourceTree = "<group>"; };
		EBBC25C72083A08600F4982C /* CoreDataManager.swift */ = {isa = PBXFileReference; lastKnownFileType = sourcecode.swift; path = CoreDataManager.swift; sourceTree = "<group>"; };
		EBBCDB782087657C0095184A /* CommunicationService.swift */ = {isa = PBXFileReference; lastKnownFileType = sourcecode.swift; path = CommunicationService.swift; sourceTree = "<group>"; };
		EBBCDB7E208765800095184A /* MultipeerCommunicator.swift */ = {isa = PBXFileReference; lastKnownFileType = sourcecode.swift; path = MultipeerCommunicator.swift; sourceTree = "<group>"; };
		EBBCDB81208765F00095184A /* Message+ID.swift */ = {isa = PBXFileReference; lastKnownFileType = sourcecode.swift; path = "Message+ID.swift"; sourceTree = "<group>"; };
		EBCAB7432084AA230093EEBA /* UITableView+Updates.swift */ = {isa = PBXFileReference; lastKnownFileType = sourcecode.swift; path = "UITableView+Updates.swift"; sourceTree = "<group>"; };
		EBF0F01F208B62EF00287352 /* RootAssembly.swift */ = {isa = PBXFileReference; lastKnownFileType = sourcecode.swift; path = RootAssembly.swift; sourceTree = "<group>"; };
		EBF0F028208B653100287352 /* CoreAssembly.swift */ = {isa = PBXFileReference; lastKnownFileType = sourcecode.swift; path = CoreAssembly.swift; sourceTree = "<group>"; };
		EBF0F02A208B658700287352 /* ServicesAssembly.swift */ = {isa = PBXFileReference; lastKnownFileType = sourcecode.swift; path = ServicesAssembly.swift; sourceTree = "<group>"; };
		EBF0F02C208B659F00287352 /* PresentationAssembly.swift */ = {isa = PBXFileReference; lastKnownFileType = sourcecode.swift; path = PresentationAssembly.swift; sourceTree = "<group>"; };
		EBF0F037208B9C0700287352 /* ConversationsListView.xib */ = {isa = PBXFileReference; lastKnownFileType = file.xib; path = ConversationsListView.xib; sourceTree = "<group>"; };
		EBF0F039208B9C3600287352 /* ConversationsListModel.swift */ = {isa = PBXFileReference; lastKnownFileType = sourcecode.swift; path = ConversationsListModel.swift; sourceTree = "<group>"; };
		EBF0F03B208B9D9F00287352 /* ConversationCell.xib */ = {isa = PBXFileReference; lastKnownFileType = file.xib; path = ConversationCell.xib; sourceTree = "<group>"; };
		EBF0F044208DFDD700287352 /* IncomingMessageCell.xib */ = {isa = PBXFileReference; lastKnownFileType = file.xib; path = IncomingMessageCell.xib; sourceTree = "<group>"; };
		EBF0F046208DFF4300287352 /* OutcomingMessageCell.xib */ = {isa = PBXFileReference; lastKnownFileType = file.xib; path = OutcomingMessageCell.xib; sourceTree = "<group>"; };
		EBF0F048208DFF8E00287352 /* ProfileView.xib */ = {isa = PBXFileReference; lastKnownFileType = file.xib; path = ProfileView.xib; sourceTree = "<group>"; };
		EBF0F04A208DFFA600287352 /* ThemesView.xib */ = {isa = PBXFileReference; lastKnownFileType = file.xib; path = ThemesView.xib; sourceTree = "<group>"; };
		EBF0F04C208E001400287352 /* ConversationView.xib */ = {isa = PBXFileReference; lastKnownFileType = file.xib; path = ConversationView.xib; sourceTree = "<group>"; };
		EBF0F04E208E0FC800287352 /* ThemesManager.swift */ = {isa = PBXFileReference; fileEncoding = 4; lastKnownFileType = sourcecode.swift; path = ThemesManager.swift; sourceTree = "<group>"; };
		EBF0F050208E5EC200287352 /* ThemesModel.swift */ = {isa = PBXFileReference; lastKnownFileType = sourcecode.swift; path = ThemesModel.swift; sourceTree = "<group>"; };
		EBF0F052208E70EC00287352 /* ProfileModel.swift */ = {isa = PBXFileReference; fileEncoding = 4; lastKnownFileType = sourcecode.swift; path = ProfileModel.swift; sourceTree = "<group>"; };
		EBF0F057208E997800287352 /* ConversationModel.swift */ = {isa = PBXFileReference; lastKnownFileType = sourcecode.swift; path = ConversationModel.swift; sourceTree = "<group>"; };
		EBF0F05A208F7E1300287352 /* ThemesService.swift */ = {isa = PBXFileReference; lastKnownFileType = sourcecode.swift; path = ThemesService.swift; sourceTree = "<group>"; };
		EBF0F05C208FB52B00287352 /* FilesManager.swift */ = {isa = PBXFileReference; fileEncoding = 4; lastKnownFileType = sourcecode.swift; path = FilesManager.swift; sourceTree = "<group>"; };
		EBF0F05F20915FCD00287352 /* ConversationsDataProvider.swift */ = {isa = PBXFileReference; lastKnownFileType = sourcecode.swift; path = ConversationsDataProvider.swift; sourceTree = "<group>"; };
		EBF0F064209227E500287352 /* FRCService.swift */ = {isa = PBXFileReference; lastKnownFileType = sourcecode.swift; path = FRCService.swift; sourceTree = "<group>"; };
		EBF0F06620924F9200287352 /* MessagesDataProvider.swift */ = {isa = PBXFileReference; lastKnownFileType = sourcecode.swift; path = MessagesDataProvider.swift; sourceTree = "<group>"; };
		EBFDEE18206DAA08004008C1 /* GCDAppUserService.swift */ = {isa = PBXFileReference; lastKnownFileType = sourcecode.swift; path = GCDAppUserService.swift; sourceTree = "<group>"; };
		EBFDEE26206DEE79004008C1 /* OperationAppUserService.swift */ = {isa = PBXFileReference; lastKnownFileType = sourcecode.swift; path = OperationAppUserService.swift; sourceTree = "<group>"; };
		EBFDEE2A206DF5A0004008C1 /* LoadOperation.swift */ = {isa = PBXFileReference; lastKnownFileType = sourcecode.swift; path = LoadOperation.swift; sourceTree = "<group>"; };
		EBFDEE2C206DF5AA004008C1 /* SaveOperation.swift */ = {isa = PBXFileReference; lastKnownFileType = sourcecode.swift; path = SaveOperation.swift; sourceTree = "<group>"; };
/* End PBXFileReference section */

/* Begin PBXFrameworksBuildPhase section */
		EB369794203DD3620065EC99 /* Frameworks */ = {
			isa = PBXFrameworksBuildPhase;
			buildActionMask = 2147483647;
			files = (
			);
			runOnlyForDeploymentPostprocessing = 0;
		};
/* End PBXFrameworksBuildPhase section */

/* Begin PBXGroup section */
		EB04EBBB2099DF28004DE62E /* Requests */ = {
			isa = PBXGroup;
			children = (
				EB25774320991AEB002AACA7 /* SearchImagesRequest.swift */,
				EB04EBBD2099DF52004DE62E /* DownloadImageRequest.swift */,
			);
			path = Requests;
			sourceTree = "<group>";
		};
		EB04EBBC2099DF33004DE62E /* Parsers */ = {
			isa = PBXGroup;
			children = (
				EB25774520992000002AACA7 /* SearchImagesParser.swift */,
				EB04EBBF2099E081004DE62E /* DownloadImageParser.swift */,
			);
			path = Parsers;
			sourceTree = "<group>";
		};
		EB25772B2096D7EC002AACA7 /* Pictures */ = {
			isa = PBXGroup;
			children = (
				EB25773C20977C85002AACA7 /* Cell */,
				EB2577302096DB19002AACA7 /* PicturesModel.swift */,
				EB25772E2096D870002AACA7 /* PicturesViewController.swift */,
				EB25772C2096D829002AACA7 /* PicturesView.xib */,
			);
			path = Pictures;
			sourceTree = "<group>";
		};
		EB257732209730D1002AACA7 /* Network */ = {
			isa = PBXGroup;
			children = (
				EB04EBBB2099DF28004DE62E /* Requests */,
				EB04EBBC2099DF33004DE62E /* Parsers */,
				EB25773420977166002AACA7 /* RequestConfig.swift */,
				EB25773620977523002AACA7 /* RequestSender.swift */,
				EB257738209777D1002AACA7 /* RequestFactory.swift */,
			);
			path = Network;
			sourceTree = "<group>";
		};
		EB257733209730EC002AACA7 /* Pictures */ = {
			isa = PBXGroup;
			children = (
				EB25773A20977C23002AACA7 /* PicturesService.swift */,
			);
			path = Pictures;
			sourceTree = "<group>";
		};
		EB25773C20977C85002AACA7 /* Cell */ = {
			isa = PBXGroup;
			children = (
				EB25773F20977D8D002AACA7 /* PictureCell.swift */,
				EB25773D20977D40002AACA7 /* PictureCell.xib */,
			);
			path = Cell;
			sourceTree = "<group>";
		};
		EB36978E203DD3620065EC99 = {
			isa = PBXGroup;
			children = (
				EB369799203DD3620065EC99 /* TinkoffChat */,
				EB369798203DD3620065EC99 /* Products */,
			);
			sourceTree = "<group>";
		};
		EB369798203DD3620065EC99 /* Products */ = {
			isa = PBXGroup;
			children = (
				EB369797203DD3620065EC99 /* TinkoffChat.app */,
			);
			name = Products;
			sourceTree = "<group>";
		};
		EB369799203DD3620065EC99 /* TinkoffChat */ = {
			isa = PBXGroup;
			children = (
				EBF0F021208B649600287352 /* PresentationLayer */,
				EBF0F022208B64A200287352 /* ServiceLayer */,
				EBF0F023208B64AD00287352 /* CoreLayer */,
				EB36979A203DD3620065EC99 /* AppDelegate.swift */,
				EBF0F01F208B62EF00287352 /* RootAssembly.swift */,
				EBF0F01E208B61C400287352 /* Supporting Files */,
				EB7027622061A263004BB040 /* Extensions */,
			);
			path = TinkoffChat;
			sourceTree = "<group>";
		};
		EB6E02302096753C00EE439D /* Keyboard */ = {
			isa = PBXGroup;
			children = (
				EB6E02312096755500EE439D /* KeyboardService.swift */,
			);
			path = Keyboard;
			sourceTree = "<group>";
		};
		EB6E02332096A21200EE439D /* Permissions */ = {
			isa = PBXGroup;
			children = (
				EB6E02342096A31100EE439D /* PermissionsService.swift */,
			);
			path = Permissions;
			sourceTree = "<group>";
		};
		EB7027622061A263004BB040 /* Extensions */ = {
			isa = PBXGroup;
			children = (
				EB7027602061A0FC004BB040 /* UIColor+RGB.swift */,
				EB29C7132054360B0034D6D8 /* Date+String.swift */,
				EB55B0542063B209006A7178 /* UserDefaults+UIColor.swift */,
				EBCAB7432084AA230093EEBA /* UITableView+Updates.swift */,
				EBBCDB81208765F00095184A /* Message+ID.swift */,
			);
			path = Extensions;
			sourceTree = "<group>";
		};
		EBF0F01E208B61C400287352 /* Supporting Files */ = {
			isa = PBXGroup;
			children = (
				EB3697A1203DD3620065EC99 /* Assets.xcassets */,
				EB3697A6203DD3620065EC99 /* Info.plist */,
				EB3697A3203DD3620065EC99 /* LaunchScreen.storyboard */,
				EB27ED8C20796AE800722846 /* Storage.xcdatamodeld */,
			);
			path = "Supporting Files";
			sourceTree = "<group>";
		};
		EBF0F021208B649600287352 /* PresentationLayer */ = {
			isa = PBXGroup;
			children = (
				EBF0F026208B64DD00287352 /* Assembly */,
				EBF0F035208B9B0F00287352 /* Modules */,
			);
			path = PresentationLayer;
			sourceTree = "<group>";
		};
		EBF0F022208B64A200287352 /* ServiceLayer */ = {
			isa = PBXGroup;
			children = (
				EBF0F025208B64D800287352 /* Assembly */,
				EBF0F0612091D7F000287352 /* Data */,
				EB6E02302096753C00EE439D /* Keyboard */,
				EB6E02332096A21200EE439D /* Permissions */,
				EB257733209730EC002AACA7 /* Pictures */,
				EBF0F059208F7E0400287352 /* Themes */,
			);
			path = ServiceLayer;
			sourceTree = "<group>";
		};
		EBF0F023208B64AD00287352 /* CoreLayer */ = {
			isa = PBXGroup;
			children = (
				EBF0F024208B64BC00287352 /* Assembly */,
				EBF0F02F208B6D8500287352 /* CoreData */,
				EBF0F054208E73DF00287352 /* Files */,
				EBF0F02E208B6BBB00287352 /* MultipeerConnectivity */,
				EB257732209730D1002AACA7 /* Network */,
				EBF0F030208B6DEF00287352 /* Themes */,
			);
			path = CoreLayer;
			sourceTree = "<group>";
		};
		EBF0F024208B64BC00287352 /* Assembly */ = {
			isa = PBXGroup;
			children = (
				EBF0F028208B653100287352 /* CoreAssembly.swift */,
			);
			path = Assembly;
			sourceTree = "<group>";
		};
		EBF0F025208B64D800287352 /* Assembly */ = {
			isa = PBXGroup;
			children = (
				EBF0F02A208B658700287352 /* ServicesAssembly.swift */,
			);
			path = Assembly;
			sourceTree = "<group>";
		};
		EBF0F026208B64DD00287352 /* Assembly */ = {
			isa = PBXGroup;
			children = (
				EBF0F02C208B659F00287352 /* PresentationAssembly.swift */,
			);
			path = Assembly;
			sourceTree = "<group>";
		};
		EBF0F02E208B6BBB00287352 /* MultipeerConnectivity */ = {
			isa = PBXGroup;
			children = (
				EBBCDB7E208765800095184A /* MultipeerCommunicator.swift */,
			);
			path = MultipeerConnectivity;
			sourceTree = "<group>";
		};
		EBF0F02F208B6D8500287352 /* CoreData */ = {
			isa = PBXGroup;
			children = (
				EB27ED8F20796B6500722846 /* CoreDataStack.swift */,
				EBBC25C72083A08600F4982C /* CoreDataManager.swift */,
				EBF0F05F20915FCD00287352 /* ConversationsDataProvider.swift */,
				EBF0F06620924F9200287352 /* MessagesDataProvider.swift */,
			);
			path = CoreData;
			sourceTree = "<group>";
		};
		EBF0F030208B6DEF00287352 /* Themes */ = {
			isa = PBXGroup;
			children = (
				EBF0F04E208E0FC800287352 /* ThemesManager.swift */,
			);
			path = Themes;
			sourceTree = "<group>";
		};
		EBF0F034208B99FB00287352 /* Operations */ = {
			isa = PBXGroup;
			children = (
				EBFDEE2A206DF5A0004008C1 /* LoadOperation.swift */,
				EBFDEE2C206DF5AA004008C1 /* SaveOperation.swift */,
			);
			path = Operations;
			sourceTree = "<group>";
		};
		EBF0F035208B9B0F00287352 /* Modules */ = {
			isa = PBXGroup;
			children = (
				EBF0F03F208DFB6900287352 /* Conversation */,
				EBF0F036208B9B7800287352 /* ConversationsList */,
				EB25772B2096D7EC002AACA7 /* Pictures */,
				EBF0F041208DFB7800287352 /* Profile */,
				EBF0F040208DFB7400287352 /* Themes */,
			);
			path = Modules;
			sourceTree = "<group>";
		};
		EBF0F036208B9B7800287352 /* ConversationsList */ = {
			isa = PBXGroup;
			children = (
				EBF0F03D208B9DCD00287352 /* Cell */,
				EBF0F039208B9C3600287352 /* ConversationsListModel.swift */,
				EB29C7052052C5320034D6D8 /* ConversationsListViewController.swift */,
				EBF0F037208B9C0700287352 /* ConversationsListView.xib */,
			);
			path = ConversationsList;
			sourceTree = "<group>";
		};
		EBF0F03D208B9DCD00287352 /* Cell */ = {
			isa = PBXGroup;
			children = (
				EB29C7072052DBED0034D6D8 /* ConversationCell.swift */,
				EBF0F03B208B9D9F00287352 /* ConversationCell.xib */,
			);
			path = Cell;
			sourceTree = "<group>";
		};
		EBF0F03F208DFB6900287352 /* Conversation */ = {
			isa = PBXGroup;
			children = (
				EBF0F043208DFBE600287352 /* Cell */,
				EBF0F057208E997800287352 /* ConversationModel.swift */,
				EB29C7162054563A0034D6D8 /* ConversationViewController.swift */,
				EBF0F04C208E001400287352 /* ConversationView.xib */,
			);
			path = Conversation;
			sourceTree = "<group>";
		};
		EBF0F040208DFB7400287352 /* Themes */ = {
			isa = PBXGroup;
			children = (
				EBF0F050208E5EC200287352 /* ThemesModel.swift */,
				EB7027632061BE0D004BB040 /* ThemesViewController.swift */,
				EBF0F04A208DFFA600287352 /* ThemesView.xib */,
			);
			path = Themes;
			sourceTree = "<group>";
		};
		EBF0F041208DFB7800287352 /* Profile */ = {
			isa = PBXGroup;
			children = (
				EBF0F052208E70EC00287352 /* ProfileModel.swift */,
				EB36979C203DD3620065EC99 /* ProfileViewController.swift */,
				EBF0F048208DFF8E00287352 /* ProfileView.xib */,
			);
			path = Profile;
			sourceTree = "<group>";
		};
		EBF0F043208DFBE600287352 /* Cell */ = {
			isa = PBXGroup;
			children = (
				EB29C71A205487980034D6D8 /* MessageCell.swift */,
				EBF0F044208DFDD700287352 /* IncomingMessageCell.xib */,
				EBF0F046208DFF4300287352 /* OutcomingMessageCell.xib */,
			);
			path = Cell;
			sourceTree = "<group>";
		};
		EBF0F054208E73DF00287352 /* Files */ = {
			isa = PBXGroup;
			children = (
				EBF0F05C208FB52B00287352 /* FilesManager.swift */,
			);
			path = Files;
			sourceTree = "<group>";
		};
		EBF0F059208F7E0400287352 /* Themes */ = {
			isa = PBXGroup;
			children = (
				EBF0F05A208F7E1300287352 /* ThemesService.swift */,
			);
			path = Themes;
			sourceTree = "<group>";
		};
		EBF0F0612091D7F000287352 /* Data */ = {
			isa = PBXGroup;
			children = (
				EBF0F034208B99FB00287352 /* Operations */,
				EBBCDB782087657C0095184A /* CommunicationService.swift */,
				EBF0F064209227E500287352 /* FRCService.swift */,
				EBFDEE18206DAA08004008C1 /* GCDAppUserService.swift */,
				EBFDEE26206DEE79004008C1 /* OperationAppUserService.swift */,
			);
			path = Data;
			sourceTree = "<group>";
		};
/* End PBXGroup section */

/* Begin PBXNativeTarget section */
		EB369796203DD3620065EC99 /* TinkoffChat */ = {
			isa = PBXNativeTarget;
			buildConfigurationList = EB3697A9203DD3620065EC99 /* Build configuration list for PBXNativeTarget "TinkoffChat" */;
			buildPhases = (
				EB369793203DD3620065EC99 /* Sources */,
				EB369794203DD3620065EC99 /* Frameworks */,
				EB369795203DD3620065EC99 /* Resources */,
			);
			buildRules = (
			);
			dependencies = (
			);
			name = TinkoffChat;
			productName = TinkoffChat;
			productReference = EB369797203DD3620065EC99 /* TinkoffChat.app */;
			productType = "com.apple.product-type.application";
		};
/* End PBXNativeTarget section */

/* Begin PBXProject section */
		EB36978F203DD3620065EC99 /* Project object */ = {
			isa = PBXProject;
			attributes = {
				LastSwiftUpdateCheck = 0920;
				LastUpgradeCheck = 0930;
				ORGANIZATIONNAME = "Oleg Samoylov";
				TargetAttributes = {
					EB369796203DD3620065EC99 = {
						CreatedOnToolsVersion = 9.2;
						LastSwiftMigration = 0920;
						ProvisioningStyle = Automatic;
					};
				};
			};
			buildConfigurationList = EB369792203DD3620065EC99 /* Build configuration list for PBXProject "TinkoffChat" */;
			compatibilityVersion = "Xcode 8.0";
			developmentRegion = en;
			hasScannedForEncodings = 0;
			knownRegions = (
				en,
				Base,
			);
			mainGroup = EB36978E203DD3620065EC99;
			productRefGroup = EB369798203DD3620065EC99 /* Products */;
			projectDirPath = "";
			projectRoot = "";
			targets = (
				EB369796203DD3620065EC99 /* TinkoffChat */,
			);
		};
/* End PBXProject section */

/* Begin PBXResourcesBuildPhase section */
		EB369795203DD3620065EC99 /* Resources */ = {
			isa = PBXResourcesBuildPhase;
			buildActionMask = 2147483647;
			files = (
				EB3697A5203DD3620065EC99 /* LaunchScreen.storyboard in Resources */,
				EB25772D2096D829002AACA7 /* PicturesView.xib in Resources */,
				EBF0F045208DFDD700287352 /* IncomingMessageCell.xib in Resources */,
				EBF0F049208DFF8E00287352 /* ProfileView.xib in Resources */,
				EBF0F038208B9C0700287352 /* ConversationsListView.xib in Resources */,
				EBF0F04B208DFFA600287352 /* ThemesView.xib in Resources */,
				EBF0F04D208E001400287352 /* ConversationView.xib in Resources */,
				EB25773E20977D40002AACA7 /* PictureCell.xib in Resources */,
				EBF0F047208DFF4300287352 /* OutcomingMessageCell.xib in Resources */,
				EB3697A2203DD3620065EC99 /* Assets.xcassets in Resources */,
				EBF0F03C208B9D9F00287352 /* ConversationCell.xib in Resources */,
			);
			runOnlyForDeploymentPostprocessing = 0;
		};
/* End PBXResourcesBuildPhase section */

/* Begin PBXSourcesBuildPhase section */
		EB369793203DD3620065EC99 /* Sources */ = {
			isa = PBXSourcesBuildPhase;
			buildActionMask = 2147483647;
			files = (
				EB29C71B205487980034D6D8 /* MessageCell.swift in Sources */,
				EBBCDB82208765F00095184A /* Message+ID.swift in Sources */,
				EBCAB7442084AA230093EEBA /* UITableView+Updates.swift in Sources */,
				EB29C7082052DBED0034D6D8 /* ConversationCell.swift in Sources */,
				EB25773B20977C23002AACA7 /* PicturesService.swift in Sources */,
				EB7027642061BE0D004BB040 /* ThemesViewController.swift in Sources */,
				EB25774620992000002AACA7 /* SearchImagesParser.swift in Sources */,
				EB25773520977166002AACA7 /* RequestConfig.swift in Sources */,
				EB2577312096DB19002AACA7 /* PicturesModel.swift in Sources */,
				EB25772F2096D870002AACA7 /* PicturesViewController.swift in Sources */,
				EB29C7142054360B0034D6D8 /* Date+String.swift in Sources */,
				EBF0F04F208E0FC800287352 /* ThemesManager.swift in Sources */,
				EB04EBC02099E081004DE62E /* DownloadImageParser.swift in Sources */,
				EBBC25C82083A08600F4982C /* CoreDataManager.swift in Sources */,
				EB7027612061A0FC004BB040 /* UIColor+RGB.swift in Sources */,
				EBFDEE19206DAA08004008C1 /* GCDAppUserService.swift in Sources */,
				EBBCDB792087657C0095184A /* CommunicationService.swift in Sources */,
				EBF0F03A208B9C3600287352 /* ConversationsListModel.swift in Sources */,
				EBF0F06020915FCD00287352 /* ConversationsDataProvider.swift in Sources */,
				EB29C7172054563A0034D6D8 /* ConversationViewController.swift in Sources */,
				EB6E02352096A31100EE439D /* PermissionsService.swift in Sources */,
				EB36979D203DD3620065EC99 /* ProfileViewController.swift in Sources */,
				EB55B0552063B209006A7178 /* UserDefaults+UIColor.swift in Sources */,
				EB257739209777D1002AACA7 /* RequestFactory.swift in Sources */,
				EB27ED9020796B6500722846 /* CoreDataStack.swift in Sources */,
				EBF0F06720924F9200287352 /* MessagesDataProvider.swift in Sources */,
				EBF0F065209227E500287352 /* FRCService.swift in Sources */,
				EB25773720977523002AACA7 /* RequestSender.swift in Sources */,
				EBF0F05B208F7E1300287352 /* ThemesService.swift in Sources */,
				EBBCDB7F208765800095184A /* MultipeerCommunicator.swift in Sources */,
				EB36979B203DD3620065EC99 /* AppDelegate.swift in Sources */,
				EB6E02322096755500EE439D /* KeyboardService.swift in Sources */,
				EBF0F058208E997800287352 /* ConversationModel.swift in Sources */,
				EBF0F029208B653100287352 /* CoreAssembly.swift in Sources */,
				EB25774020977D8D002AACA7 /* PictureCell.swift in Sources */,
				EB25774420991AEB002AACA7 /* SearchImagesRequest.swift in Sources */,
				EBF0F02B208B658700287352 /* ServicesAssembly.swift in Sources */,
				EBFDEE27206DEE79004008C1 /* OperationAppUserService.swift in Sources */,
				EBF0F02D208B659F00287352 /* PresentationAssembly.swift in Sources */,
				EB04EBBE2099DF52004DE62E /* DownloadImageRequest.swift in Sources */,
				EBF0F020208B62EF00287352 /* RootAssembly.swift in Sources */,
				EB29C7062052C5320034D6D8 /* ConversationsListViewController.swift in Sources */,
				EBF0F051208E5EC200287352 /* ThemesModel.swift in Sources */,
				EBFDEE2D206DF5AA004008C1 /* SaveOperation.swift in Sources */,
				EBF0F05D208FB52B00287352 /* FilesManager.swift in Sources */,
				EBF0F053208E70EC00287352 /* ProfileModel.swift in Sources */,
				EB27ED8E20796AE800722846 /* Storage.xcdatamodeld in Sources */,
				EBFDEE2B206DF5A0004008C1 /* LoadOperation.swift in Sources */,
			);
			runOnlyForDeploymentPostprocessing = 0;
		};
/* End PBXSourcesBuildPhase section */

/* Begin PBXVariantGroup section */
		EB3697A3203DD3620065EC99 /* LaunchScreen.storyboard */ = {
			isa = PBXVariantGroup;
			children = (
				EB3697A4203DD3620065EC99 /* Base */,
			);
			name = LaunchScreen.storyboard;
			sourceTree = "<group>";
		};
/* End PBXVariantGroup section */

/* Begin XCBuildConfiguration section */
		EB3697A7203DD3620065EC99 /* Debug */ = {
			isa = XCBuildConfiguration;
			buildSettings = {
				ALWAYS_SEARCH_USER_PATHS = NO;
				CLANG_ANALYZER_NONNULL = YES;
				CLANG_ANALYZER_NUMBER_OBJECT_CONVERSION = YES_AGGRESSIVE;
				CLANG_CXX_LANGUAGE_STANDARD = "gnu++14";
				CLANG_CXX_LIBRARY = "libc++";
				CLANG_ENABLE_MODULES = YES;
				CLANG_ENABLE_OBJC_ARC = NO;
				CLANG_WARN_BLOCK_CAPTURE_AUTORELEASING = YES;
				CLANG_WARN_BOOL_CONVERSION = YES;
				CLANG_WARN_COMMA = YES;
				CLANG_WARN_CONSTANT_CONVERSION = YES;
				CLANG_WARN_DEPRECATED_OBJC_IMPLEMENTATIONS = YES;
				CLANG_WARN_DIRECT_OBJC_ISA_USAGE = YES_ERROR;
				CLANG_WARN_DOCUMENTATION_COMMENTS = YES;
				CLANG_WARN_EMPTY_BODY = YES;
				CLANG_WARN_ENUM_CONVERSION = YES;
				CLANG_WARN_INFINITE_RECURSION = YES;
				CLANG_WARN_INT_CONVERSION = YES;
				CLANG_WARN_NON_LITERAL_NULL_CONVERSION = YES;
				CLANG_WARN_OBJC_IMPLICIT_RETAIN_SELF = YES;
				CLANG_WARN_OBJC_LITERAL_CONVERSION = YES;
				CLANG_WARN_OBJC_ROOT_CLASS = YES_ERROR;
				CLANG_WARN_RANGE_LOOP_ANALYSIS = YES;
				CLANG_WARN_STRICT_PROTOTYPES = YES;
				CLANG_WARN_SUSPICIOUS_MOVE = YES;
				CLANG_WARN_UNGUARDED_AVAILABILITY = YES_AGGRESSIVE;
				CLANG_WARN_UNREACHABLE_CODE = YES;
				CLANG_WARN__DUPLICATE_METHOD_MATCH = YES;
				CODE_SIGN_IDENTITY = "iPhone Developer";
				COPY_PHASE_STRIP = NO;
				DEBUG_INFORMATION_FORMAT = dwarf;
				ENABLE_STRICT_OBJC_MSGSEND = YES;
				ENABLE_TESTABILITY = YES;
				GCC_C_LANGUAGE_STANDARD = gnu11;
				GCC_DYNAMIC_NO_PIC = NO;
				GCC_NO_COMMON_BLOCKS = YES;
				GCC_OPTIMIZATION_LEVEL = 0;
				GCC_PREPROCESSOR_DEFINITIONS = (
					"DEBUG=1",
					"$(inherited)",
				);
				GCC_WARN_64_TO_32_BIT_CONVERSION = YES;
				GCC_WARN_ABOUT_RETURN_TYPE = YES_ERROR;
				GCC_WARN_UNDECLARED_SELECTOR = YES;
				GCC_WARN_UNINITIALIZED_AUTOS = YES_AGGRESSIVE;
				GCC_WARN_UNUSED_FUNCTION = YES;
				GCC_WARN_UNUSED_VARIABLE = YES;
				IPHONEOS_DEPLOYMENT_TARGET = 11.2;
				MTL_ENABLE_DEBUG_INFO = YES;
				ONLY_ACTIVE_ARCH = YES;
				SDKROOT = iphoneos;
				SWIFT_ACTIVE_COMPILATION_CONDITIONS = DEBUG;
				SWIFT_OBJC_BRIDGING_HEADER = "TinkoffChat/TinkoffChat-Bridging-Header.h";
				SWIFT_OPTIMIZATION_LEVEL = "-Onone";
			};
			name = Debug;
		};
		EB3697A8203DD3620065EC99 /* Release */ = {
			isa = XCBuildConfiguration;
			buildSettings = {
				ALWAYS_SEARCH_USER_PATHS = NO;
				CLANG_ANALYZER_NONNULL = YES;
				CLANG_ANALYZER_NUMBER_OBJECT_CONVERSION = YES_AGGRESSIVE;
				CLANG_CXX_LANGUAGE_STANDARD = "gnu++14";
				CLANG_CXX_LIBRARY = "libc++";
				CLANG_ENABLE_MODULES = YES;
				CLANG_ENABLE_OBJC_ARC = NO;
				CLANG_WARN_BLOCK_CAPTURE_AUTORELEASING = YES;
				CLANG_WARN_BOOL_CONVERSION = YES;
				CLANG_WARN_COMMA = YES;
				CLANG_WARN_CONSTANT_CONVERSION = YES;
				CLANG_WARN_DEPRECATED_OBJC_IMPLEMENTATIONS = YES;
				CLANG_WARN_DIRECT_OBJC_ISA_USAGE = YES_ERROR;
				CLANG_WARN_DOCUMENTATION_COMMENTS = YES;
				CLANG_WARN_EMPTY_BODY = YES;
				CLANG_WARN_ENUM_CONVERSION = YES;
				CLANG_WARN_INFINITE_RECURSION = YES;
				CLANG_WARN_INT_CONVERSION = YES;
				CLANG_WARN_NON_LITERAL_NULL_CONVERSION = YES;
				CLANG_WARN_OBJC_IMPLICIT_RETAIN_SELF = YES;
				CLANG_WARN_OBJC_LITERAL_CONVERSION = YES;
				CLANG_WARN_OBJC_ROOT_CLASS = YES_ERROR;
				CLANG_WARN_RANGE_LOOP_ANALYSIS = YES;
				CLANG_WARN_STRICT_PROTOTYPES = YES;
				CLANG_WARN_SUSPICIOUS_MOVE = YES;
				CLANG_WARN_UNGUARDED_AVAILABILITY = YES_AGGRESSIVE;
				CLANG_WARN_UNREACHABLE_CODE = YES;
				CLANG_WARN__DUPLICATE_METHOD_MATCH = YES;
				CODE_SIGN_IDENTITY = "iPhone Developer";
				COPY_PHASE_STRIP = NO;
				DEBUG_INFORMATION_FORMAT = "dwarf-with-dsym";
				ENABLE_NS_ASSERTIONS = NO;
				ENABLE_STRICT_OBJC_MSGSEND = YES;
				GCC_C_LANGUAGE_STANDARD = gnu11;
				GCC_NO_COMMON_BLOCKS = YES;
				GCC_WARN_64_TO_32_BIT_CONVERSION = YES;
				GCC_WARN_ABOUT_RETURN_TYPE = YES_ERROR;
				GCC_WARN_UNDECLARED_SELECTOR = YES;
				GCC_WARN_UNINITIALIZED_AUTOS = YES_AGGRESSIVE;
				GCC_WARN_UNUSED_FUNCTION = YES;
				GCC_WARN_UNUSED_VARIABLE = YES;
				IPHONEOS_DEPLOYMENT_TARGET = 11.2;
				MTL_ENABLE_DEBUG_INFO = NO;
				SDKROOT = iphoneos;
				SWIFT_OBJC_BRIDGING_HEADER = "TinkoffChat/TinkoffChat-Bridging-Header.h";
				SWIFT_OPTIMIZATION_LEVEL = "-Owholemodule";
				VALIDATE_PRODUCT = YES;
			};
			name = Release;
		};
		EB3697AA203DD3620065EC99 /* Debug */ = {
			isa = XCBuildConfiguration;
			buildSettings = {
				ASSETCATALOG_COMPILER_APPICON_NAME = AppIcon;
				CLANG_ENABLE_MODULES = YES;
				CLANG_ENABLE_OBJC_WEAK = YES;
				CODE_SIGN_STYLE = Automatic;
				DEVELOPMENT_TEAM = B2FMGUSH44;
				INFOPLIST_FILE = "TinkoffChat/Supporting Files/Info.plist";
				LD_RUNPATH_SEARCH_PATHS = "$(inherited) @executable_path/Frameworks";
				PRODUCT_BUNDLE_IDENTIFIER = com.olejiksa.TinkoffChat;
				PRODUCT_NAME = "$(TARGET_NAME)";
				SWIFT_OBJC_BRIDGING_HEADER = "";
				SWIFT_OPTIMIZATION_LEVEL = "-Onone";
				SWIFT_VERSION = 4.0;
				TARGETED_DEVICE_FAMILY = 1;
			};
			name = Debug;
		};
		EB3697AB203DD3620065EC99 /* Release */ = {
			isa = XCBuildConfiguration;
			buildSettings = {
				ASSETCATALOG_COMPILER_APPICON_NAME = AppIcon;
				CLANG_ENABLE_MODULES = YES;
				CLANG_ENABLE_OBJC_WEAK = YES;
				CODE_SIGN_STYLE = Automatic;
				DEVELOPMENT_TEAM = B2FMGUSH44;
				INFOPLIST_FILE = "TinkoffChat/Supporting Files/Info.plist";
				LD_RUNPATH_SEARCH_PATHS = "$(inherited) @executable_path/Frameworks";
				PRODUCT_BUNDLE_IDENTIFIER = com.olejiksa.TinkoffChat;
				PRODUCT_NAME = "$(TARGET_NAME)";
				SWIFT_OBJC_BRIDGING_HEADER = "";
				SWIFT_VERSION = 4.0;
				TARGETED_DEVICE_FAMILY = 1;
			};
			name = Release;
		};
/* End XCBuildConfiguration section */

/* Begin XCConfigurationList section */
		EB369792203DD3620065EC99 /* Build configuration list for PBXProject "TinkoffChat" */ = {
			isa = XCConfigurationList;
			buildConfigurations = (
				EB3697A7203DD3620065EC99 /* Debug */,
				EB3697A8203DD3620065EC99 /* Release */,
			);
			defaultConfigurationIsVisible = 0;
			defaultConfigurationName = Release;
		};
		EB3697A9203DD3620065EC99 /* Build configuration list for PBXNativeTarget "TinkoffChat" */ = {
			isa = XCConfigurationList;
			buildConfigurations = (
				EB3697AA203DD3620065EC99 /* Debug */,
				EB3697AB203DD3620065EC99 /* Release */,
			);
			defaultConfigurationIsVisible = 0;
			defaultConfigurationName = Release;
		};
/* End XCConfigurationList section */

/* Begin XCVersionGroup section */
		EB27ED8C20796AE800722846 /* Storage.xcdatamodeld */ = {
			isa = XCVersionGroup;
			children = (
				EB27ED8D20796AE800722846 /* Storage.xcdatamodel */,
			);
			currentVersion = EB27ED8D20796AE800722846 /* Storage.xcdatamodel */;
			path = Storage.xcdatamodeld;
			sourceTree = "<group>";
			versionGroupType = wrapper.xcdatamodel;
		};
/* End XCVersionGroup section */
	};
	rootObject = EB36978F203DD3620065EC99 /* Project object */;
}
